{
  "name": "mp-painter",
  "version": "0.0.9",
  "lockfileVersion": 1,
  "requires": true,
  "dependencies": {
    "@types/uni-app": {
      "version": "1.4.1",
      "resolved": "https://registry.npmjs.org/@types/uni-app/-/uni-app-1.4.1.tgz",
      "integrity": "sha512-wO0HQ/qrLuSqIdWkqC8hdaZKsVF1NXEf/YmCGhFtXMtNj1fXkcK8kELiPYUlYW10PNl4CZ6qcPxoD3bURxBRdg==",
      "requires": {
        "vue": "^2.6.8"
      }
    },
    "typescript": {
      "version": "3.6.2",
      "resolved": "https://registry.npmjs.org/typescript/-/typescript-3.6.2.tgz",
      "integrity": "sha512-lmQ4L+J6mnu3xweP8+rOrUwzmN+MRAj7TgtJtDaXE5PMyX2kCrklhg3rvOsOIfNeAWMQWO2F1GPc1kMD2vLAfw==",
      "dev": true
    },
    "vue": {
      "version": "2.6.10",
      "resolved": "https://registry.npmjs.org/vue/-/vue-2.6.10.tgz",
      "integrity": "sha512-ImThpeNU9HbdZL3utgMCq0oiMzAkt1mcgy3/E6zWC/G6AaQoeuFdsl9nDhTDU3X1R6FK7nsIUuRACVcjI+A2GQ=="
    }
  }
}
